// !$*UTF8*$!
{
	archiveVersion = 1;
	classes = {
	};
	objectVersion = 51;
	objects = {

/* Begin PBXBuildFile section */
		078E49F185468C7AE092D148 /* Pods_flixterapp.framework in Frameworks */ = {isa = PBXBuildFile; fileRef = 0FF7FAC7E42EDE7F764BD21A /* Pods_flixterapp.framework */; };
		6C64E5BA0FF7292CD8C7928B /* Pods_flixterapp_flixterappUITests.framework in Frameworks */ = {isa = PBXBuildFile; fileRef = CF3BB27BEF702C993F4A5BEA /* Pods_flixterapp_flixterappUITests.framework */; };
		751FE40F056093C88B0A0BAB /* Pods_flixterappTests.framework in Frameworks */ = {isa = PBXBuildFile; fileRef = 38F48ED5EB40C7885F16E343 /* Pods_flixterappTests.framework */; };
		B69CD25F251AF19E0004FAB8 /* AppDelegate.swift in Sources */ = {isa = PBXBuildFile; fileRef = B69CD25E251AF19E0004FAB8 /* AppDelegate.swift */; };
		B69CD261251AF19E0004FAB8 /* SceneDelegate.swift in Sources */ = {isa = PBXBuildFile; fileRef = B69CD260251AF19E0004FAB8 /* SceneDelegate.swift */; };
		B69CD263251AF19E0004FAB8 /* ViewController.swift in Sources */ = {isa = PBXBuildFile; fileRef = B69CD262251AF19E0004FAB8 /* ViewController.swift */; };
		B69CD266251AF19E0004FAB8 /* Main.storyboard in Resources */ = {isa = PBXBuildFile; fileRef = B69CD264251AF19E0004FAB8 /* Main.storyboard */; };
		B69CD268251AF1B10004FAB8 /* Assets.xcassets in Resources */ = {isa = PBXBuildFile; fileRef = B69CD267251AF1B10004FAB8 /* Assets.xcassets */; };
		B69CD26B251AF1B10004FAB8 /* LaunchScreen.storyboard in Resources */ = {isa = PBXBuildFile; fileRef = B69CD269251AF1B10004FAB8 /* LaunchScreen.storyboard */; };
		B69CD276251AF1B20004FAB8 /* flixterappTests.swift in Sources */ = {isa = PBXBuildFile; fileRef = B69CD275251AF1B20004FAB8 /* flixterappTests.swift */; };
		B69CD281251AF1B20004FAB8 /* flixterappUITests.swift in Sources */ = {isa = PBXBuildFile; fileRef = B69CD280251AF1B20004FAB8 /* flixterappUITests.swift */; };
		B69CD28F251B03C00004FAB8 /* MoviesViewController.swift in Sources */ = {isa = PBXBuildFile; fileRef = B69CD28E251B03BF0004FAB8 /* MoviesViewController.swift */; };
		B6A87E8D251ECB9C00BF3154 /* MovieCell.swift in Sources */ = {isa = PBXBuildFile; fileRef = B6A87E8C251ECB9B00BF3154 /* MovieCell.swift */; };
		B6C56A0D2526BB9600704B8F /* MovieGridViewController.swift in Sources */ = {isa = PBXBuildFile; fileRef = B6C56A0C2526BB9600704B8F /* MovieGridViewController.swift */; };
		B6C56A0F2526F77100704B8F /* MovieGridCell.swift in Sources */ = {isa = PBXBuildFile; fileRef = B6C56A0E2526F77100704B8F /* MovieGridCell.swift */; };
		B6EDB5EC25269E6700F69EC0 /* MovieDetailsViewController.swift in Sources */ = {isa = PBXBuildFile; fileRef = B6EDB5EB25269E6600F69EC0 /* MovieDetailsViewController.swift */; };
/* End PBXBuildFile section */

/* Begin PBXContainerItemProxy section */
		B69CD272251AF1B20004FAB8 /* PBXContainerItemProxy */ = {
			isa = PBXContainerItemProxy;
			containerPortal = B69CD253251AF19E0004FAB8 /* Project object */;
			proxyType = 1;
			remoteGlobalIDString = B69CD25A251AF19E0004FAB8;
			remoteInfo = flixterapp;
		};
		B69CD27D251AF1B20004FAB8 /* PBXContainerItemProxy */ = {
			isa = PBXContainerItemProxy;
			containerPortal = B69CD253251AF19E0004FAB8 /* Project object */;
			proxyType = 1;
			remoteGlobalIDString = B69CD25A251AF19E0004FAB8;
			remoteInfo = flixterapp;
		};
/* End PBXContainerItemProxy section */

/* Begin PBXFileReference section */
		0FF7FAC7E42EDE7F764BD21A /* Pods_flixterapp.framework */ = {isa = PBXFileReference; explicitFileType = wrapper.framework; includeInIndex = 0; path = Pods_flixterapp.framework; sourceTree = BUILT_PRODUCTS_DIR; };
		38F48ED5EB40C7885F16E343 /* Pods_flixterappTests.framework */ = {isa = PBXFileReference; explicitFileType = wrapper.framework; includeInIndex = 0; path = Pods_flixterappTests.framework; sourceTree = BUILT_PRODUCTS_DIR; };
		4126BE49A172A6B64DB4A91E /* Pods-flixterappTests.release.xcconfig */ = {isa = PBXFileReference; includeInIndex = 1; lastKnownFileType = text.xcconfig; name = "Pods-flixterappTests.release.xcconfig"; path = "Target Support Files/Pods-flixterappTests/Pods-flixterappTests.release.xcconfig"; sourceTree = "<group>"; };
		53F46C0620D72EE3DD42051D /* Pods-flixterapp.debug.xcconfig */ = {isa = PBXFileReference; includeInIndex = 1; lastKnownFileType = text.xcconfig; name = "Pods-flixterapp.debug.xcconfig"; path = "Target Support Files/Pods-flixterapp/Pods-flixterapp.debug.xcconfig"; sourceTree = "<group>"; };
		72A84DA2FD308C78BFF5C050 /* Pods-flixterappTests.debug.xcconfig */ = {isa = PBXFileReference; includeInIndex = 1; lastKnownFileType = text.xcconfig; name = "Pods-flixterappTests.debug.xcconfig"; path = "Target Support Files/Pods-flixterappTests/Pods-flixterappTests.debug.xcconfig"; sourceTree = "<group>"; };
		8C9883537F0FBA10D8B193D1 /* Pods-flixterapp-flixterappUITests.release.xcconfig */ = {isa = PBXFileReference; includeInIndex = 1; lastKnownFileType = text.xcconfig; name = "Pods-flixterapp-flixterappUITests.release.xcconfig"; path = "Target Support Files/Pods-flixterapp-flixterappUITests/Pods-flixterapp-flixterappUITests.release.xcconfig"; sourceTree = "<group>"; };
		B69CD25B251AF19E0004FAB8 /* flixterapp.app */ = {isa = PBXFileReference; explicitFileType = wrapper.application; includeInIndex = 0; path = flixterapp.app; sourceTree = BUILT_PRODUCTS_DIR; };
		B69CD25E251AF19E0004FAB8 /* AppDelegate.swift */ = {isa = PBXFileReference; lastKnownFileType = sourcecode.swift; path = AppDelegate.swift; sourceTree = "<group>"; };
		B69CD260251AF19E0004FAB8 /* SceneDelegate.swift */ = {isa = PBXFileReference; lastKnownFileType = sourcecode.swift; path = SceneDelegate.swift; sourceTree = "<group>"; };
		B69CD262251AF19E0004FAB8 /* ViewController.swift */ = {isa = PBXFileReference; lastKnownFileType = sourcecode.swift; path = ViewController.swift; sourceTree = "<group>"; };
		B69CD265251AF19E0004FAB8 /* Base */ = {isa = PBXFileReference; lastKnownFileType = file.storyboard; name = Base; path = Base.lproj/Main.storyboard; sourceTree = "<group>"; };
		B69CD267251AF1B10004FAB8 /* Assets.xcassets */ = {isa = PBXFileReference; lastKnownFileType = folder.assetcatalog; path = Assets.xcassets; sourceTree = "<group>"; };
		B69CD26A251AF1B10004FAB8 /* Base */ = {isa = PBXFileReference; lastKnownFileType = file.storyboard; name = Base; path = Base.lproj/LaunchScreen.storyboard; sourceTree = "<group>"; };
		B69CD26C251AF1B10004FAB8 /* Info.plist */ = {isa = PBXFileReference; lastKnownFileType = text.plist.xml; path = Info.plist; sourceTree = "<group>"; };
		B69CD271251AF1B20004FAB8 /* flixterappTests.xctest */ = {isa = PBXFileReference; explicitFileType = wrapper.cfbundle; includeInIndex = 0; path = flixterappTests.xctest; sourceTree = BUILT_PRODUCTS_DIR; };
		B69CD275251AF1B20004FAB8 /* flixterappTests.swift */ = {isa = PBXFileReference; lastKnownFileType = sourcecode.swift; path = flixterappTests.swift; sourceTree = "<group>"; };
		B69CD277251AF1B20004FAB8 /* Info.plist */ = {isa = PBXFileReference; lastKnownFileType = text.plist.xml; path = Info.plist; sourceTree = "<group>"; };
		B69CD27C251AF1B20004FAB8 /* flixterappUITests.xctest */ = {isa = PBXFileReference; explicitFileType = wrapper.cfbundle; includeInIndex = 0; path = flixterappUITests.xctest; sourceTree = BUILT_PRODUCTS_DIR; };
		B69CD280251AF1B20004FAB8 /* flixterappUITests.swift */ = {isa = PBXFileReference; lastKnownFileType = sourcecode.swift; path = flixterappUITests.swift; sourceTree = "<group>"; };
		B69CD282251AF1B20004FAB8 /* Info.plist */ = {isa = PBXFileReference; lastKnownFileType = text.plist.xml; path = Info.plist; sourceTree = "<group>"; };
		B69CD28E251B03BF0004FAB8 /* MoviesViewController.swift */ = {isa = PBXFileReference; lastKnownFileType = sourcecode.swift; path = MoviesViewController.swift; sourceTree = "<group>"; };
		B6A87E8C251ECB9B00BF3154 /* MovieCell.swift */ = {isa = PBXFileReference; lastKnownFileType = sourcecode.swift; path = MovieCell.swift; sourceTree = "<group>"; };
		B6C56A0C2526BB9600704B8F /* MovieGridViewController.swift */ = {isa = PBXFileReference; lastKnownFileType = sourcecode.swift; path = MovieGridViewController.swift; sourceTree = "<group>"; };
		B6C56A0E2526F77100704B8F /* MovieGridCell.swift */ = {isa = PBXFileReference; lastKnownFileType = sourcecode.swift; path = MovieGridCell.swift; sourceTree = "<group>"; };
		B6EDB5EB25269E6600F69EC0 /* MovieDetailsViewController.swift */ = {isa = PBXFileReference; lastKnownFileType = sourcecode.swift; path = MovieDetailsViewController.swift; sourceTree = "<group>"; };
		CF3BB27BEF702C993F4A5BEA /* Pods_flixterapp_flixterappUITests.framework */ = {isa = PBXFileReference; explicitFileType = wrapper.framework; includeInIndex = 0; path = Pods_flixterapp_flixterappUITests.framework; sourceTree = BUILT_PRODUCTS_DIR; };
		D37210450D7CA72365F245D1 /* Pods-flixterapp-flixterappUITests.debug.xcconfig */ = {isa = PBXFileReference; includeInIndex = 1; lastKnownFileType = text.xcconfig; name = "Pods-flixterapp-flixterappUITests.debug.xcconfig"; path = "Target Support Files/Pods-flixterapp-flixterappUITests/Pods-flixterapp-flixterappUITests.debug.xcconfig"; sourceTree = "<group>"; };
		DDD2993D88E054EB6B144D7C /* Pods-flixterapp.release.xcconfig */ = {isa = PBXFileReference; includeInIndex = 1; lastKnownFileType = text.xcconfig; name = "Pods-flixterapp.release.xcconfig"; path = "Target Support Files/Pods-flixterapp/Pods-flixterapp.release.xcconfig"; sourceTree = "<group>"; };
/* End PBXFileReference section */

/* Begin PBXFrameworksBuildPhase section */
		B69CD258251AF19E0004FAB8 /* Frameworks */ = {
			isa = PBXFrameworksBuildPhase;
			buildActionMask = 2147483647;
			files = (
				078E49F185468C7AE092D148 /* Pods_flixterapp.framework in Frameworks */,
			);
			runOnlyForDeploymentPostprocessing = 0;
		};
		B69CD26E251AF1B20004FAB8 /* Frameworks */ = {
			isa = PBXFrameworksBuildPhase;
			buildActionMask = 2147483647;
			files = (
				751FE40F056093C88B0A0BAB /* Pods_flixterappTests.framework in Frameworks */,
			);
			runOnlyForDeploymentPostprocessing = 0;
		};
		B69CD279251AF1B20004FAB8 /* Frameworks */ = {
			isa = PBXFrameworksBuildPhase;
			buildActionMask = 2147483647;
			files = (
				6C64E5BA0FF7292CD8C7928B /* Pods_flixterapp_flixterappUITests.framework in Frameworks */,
			);
			runOnlyForDeploymentPostprocessing = 0;
		};
/* End PBXFrameworksBuildPhase section */

/* Begin PBXGroup section */
		1BB0E518D3F5E76FD6538331 /* Pods */ = {
			isa = PBXGroup;
			children = (
				53F46C0620D72EE3DD42051D /* Pods-flixterapp.debug.xcconfig */,
				DDD2993D88E054EB6B144D7C /* Pods-flixterapp.release.xcconfig */,
				D37210450D7CA72365F245D1 /* Pods-flixterapp-flixterappUITests.debug.xcconfig */,
				8C9883537F0FBA10D8B193D1 /* Pods-flixterapp-flixterappUITests.release.xcconfig */,
				72A84DA2FD308C78BFF5C050 /* Pods-flixterappTests.debug.xcconfig */,
				4126BE49A172A6B64DB4A91E /* Pods-flixterappTests.release.xcconfig */,
			);
			path = Pods;
			sourceTree = "<group>";
		};
		89AB30507ADCA01A4F45DC9D /* Frameworks */ = {
			isa = PBXGroup;
			children = (
				0FF7FAC7E42EDE7F764BD21A /* Pods_flixterapp.framework */,
				CF3BB27BEF702C993F4A5BEA /* Pods_flixterapp_flixterappUITests.framework */,
				38F48ED5EB40C7885F16E343 /* Pods_flixterappTests.framework */,
			);
			name = Frameworks;
			sourceTree = "<group>";
		};
		B69CD252251AF19E0004FAB8 = {
			isa = PBXGroup;
			children = (
				B69CD25D251AF19E0004FAB8 /* flixterapp */,
				B69CD274251AF1B20004FAB8 /* flixterappTests */,
				B69CD27F251AF1B20004FAB8 /* flixterappUITests */,
				B69CD25C251AF19E0004FAB8 /* Products */,
				1BB0E518D3F5E76FD6538331 /* Pods */,
				89AB30507ADCA01A4F45DC9D /* Frameworks */,
			);
			sourceTree = "<group>";
		};
		B69CD25C251AF19E0004FAB8 /* Products */ = {
			isa = PBXGroup;
			children = (
				B69CD25B251AF19E0004FAB8 /* flixterapp.app */,
				B69CD271251AF1B20004FAB8 /* flixterappTests.xctest */,
				B69CD27C251AF1B20004FAB8 /* flixterappUITests.xctest */,
			);
			name = Products;
			sourceTree = "<group>";
		};
		B69CD25D251AF19E0004FAB8 /* flixterapp */ = {
			isa = PBXGroup;
			children = (
				B69CD25E251AF19E0004FAB8 /* AppDelegate.swift */,
				B69CD260251AF19E0004FAB8 /* SceneDelegate.swift */,
				B69CD262251AF19E0004FAB8 /* ViewController.swift */,
				B69CD264251AF19E0004FAB8 /* Main.storyboard */,
				B69CD267251AF1B10004FAB8 /* Assets.xcassets */,
				B69CD269251AF1B10004FAB8 /* LaunchScreen.storyboard */,
				B69CD26C251AF1B10004FAB8 /* Info.plist */,
				B69CD28E251B03BF0004FAB8 /* MoviesViewController.swift */,
				B6A87E8C251ECB9B00BF3154 /* MovieCell.swift */,
				B6EDB5EB25269E6600F69EC0 /* MovieDetailsViewController.swift */,
				B6C56A0C2526BB9600704B8F /* MovieGridViewController.swift */,
				B6C56A0E2526F77100704B8F /* MovieGridCell.swift */,
			);
			path = flixterapp;
			sourceTree = "<group>";
		};
		B69CD274251AF1B20004FAB8 /* flixterappTests */ = {
			isa = PBXGroup;
			children = (
				B69CD275251AF1B20004FAB8 /* flixterappTests.swift */,
				B69CD277251AF1B20004FAB8 /* Info.plist */,
			);
			path = flixterappTests;
			sourceTree = "<group>";
		};
		B69CD27F251AF1B20004FAB8 /* flixterappUITests */ = {
			isa = PBXGroup;
			children = (
				B69CD280251AF1B20004FAB8 /* flixterappUITests.swift */,
				B69CD282251AF1B20004FAB8 /* Info.plist */,
			);
			path = flixterappUITests;
			sourceTree = "<group>";
		};
/* End PBXGroup section */

/* Begin PBXNativeTarget section */
		B69CD25A251AF19E0004FAB8 /* flixterapp */ = {
			isa = PBXNativeTarget;
			buildConfigurationList = B69CD285251AF1B20004FAB8 /* Build configuration list for PBXNativeTarget "flixterapp" */;
			buildPhases = (
				6FEF8E84AA38D8308C63491C /* [CP] Check Pods Manifest.lock */,
				B69CD257251AF19E0004FAB8 /* Sources */,
				B69CD258251AF19E0004FAB8 /* Frameworks */,
				B69CD259251AF19E0004FAB8 /* Resources */,
				EABEEE5BB87B33A2400EFEA5 /* [CP] Embed Pods Frameworks */,
			);
			buildRules = (
			);
			dependencies = (
			);
			name = flixterapp;
			productName = flixterapp;
			productReference = B69CD25B251AF19E0004FAB8 /* flixterapp.app */;
			productType = "com.apple.product-type.application";
		};
		B69CD270251AF1B20004FAB8 /* flixterappTests */ = {
			isa = PBXNativeTarget;
			buildConfigurationList = B69CD288251AF1B20004FAB8 /* Build configuration list for PBXNativeTarget "flixterappTests" */;
			buildPhases = (
				7B1962F635A6C9C510FDA58F /* [CP] Check Pods Manifest.lock */,
				B69CD26D251AF1B20004FAB8 /* Sources */,
				B69CD26E251AF1B20004FAB8 /* Frameworks */,
				B69CD26F251AF1B20004FAB8 /* Resources */,
			);
			buildRules = (
			);
			dependencies = (
				B69CD273251AF1B20004FAB8 /* PBXTargetDependency */,
			);
			name = flixterappTests;
			productName = flixterappTests;
			productReference = B69CD271251AF1B20004FAB8 /* flixterappTests.xctest */;
			productType = "com.apple.product-type.bundle.unit-test";
		};
		B69CD27B251AF1B20004FAB8 /* flixterappUITests */ = {
			isa = PBXNativeTarget;
			buildConfigurationList = B69CD28B251AF1B20004FAB8 /* Build configuration list for PBXNativeTarget "flixterappUITests" */;
			buildPhases = (
				72D8ABA0396845B67BBDBDC2 /* [CP] Check Pods Manifest.lock */,
				B69CD278251AF1B20004FAB8 /* Sources */,
				B69CD279251AF1B20004FAB8 /* Frameworks */,
				B69CD27A251AF1B20004FAB8 /* Resources */,
				05147A3024253D4B83701193 /* [CP] Embed Pods Frameworks */,
			);
			buildRules = (
			);
			dependencies = (
				B69CD27E251AF1B20004FAB8 /* PBXTargetDependency */,
			);
			name = flixterappUITests;
			productName = flixterappUITests;
			productReference = B69CD27C251AF1B20004FAB8 /* flixterappUITests.xctest */;
			productType = "com.apple.product-type.bundle.ui-testing";
		};
/* End PBXNativeTarget section */

/* Begin PBXProject section */
		B69CD253251AF19E0004FAB8 /* Project object */ = {
			isa = PBXProject;
			attributes = {
				LastSwiftUpdateCheck = 1170;
				LastUpgradeCheck = 1170;
				ORGANIZATIONNAME = fasanyadavid;
				TargetAttributes = {
					B69CD25A251AF19E0004FAB8 = {
						CreatedOnToolsVersion = 11.7;
					};
					B69CD270251AF1B20004FAB8 = {
						CreatedOnToolsVersion = 11.7;
						TestTargetID = B69CD25A251AF19E0004FAB8;
					};
					B69CD27B251AF1B20004FAB8 = {
						CreatedOnToolsVersion = 11.7;
						TestTargetID = B69CD25A251AF19E0004FAB8;
					};
				};
			};
			buildConfigurationList = B69CD256251AF19E0004FAB8 /* Build configuration list for PBXProject "flixterapp" */;
			compatibilityVersion = "Xcode 9.3";
			developmentRegion = en;
			hasScannedForEncodings = 0;
			knownRegions = (
				en,
				Base,
			);
			mainGroup = B69CD252251AF19E0004FAB8;
			productRefGroup = B69CD25C251AF19E0004FAB8 /* Products */;
			projectDirPath = "";
			projectRoot = "";
			targets = (
				B69CD25A251AF19E0004FAB8 /* flixterapp */,
				B69CD270251AF1B20004FAB8 /* flixterappTests */,
				B69CD27B251AF1B20004FAB8 /* flixterappUITests */,
			);
		};
/* End PBXProject section */

/* Begin PBXResourcesBuildPhase section */
		B69CD259251AF19E0004FAB8 /* Resources */ = {
			isa = PBXResourcesBuildPhase;
			buildActionMask = 2147483647;
			files = (
				B69CD26B251AF1B10004FAB8 /* LaunchScreen.storyboard in Resources */,
				B69CD268251AF1B10004FAB8 /* Assets.xcassets in Resources */,
				B69CD266251AF19E0004FAB8 /* Main.storyboard in Resources */,
			);
			runOnlyForDeploymentPostprocessing = 0;
		};
		B69CD26F251AF1B20004FAB8 /* Resources */ = {
			isa = PBXResourcesBuildPhase;
			buildActionMask = 2147483647;
			files = (
			);
			runOnlyForDeploymentPostprocessing = 0;
		};
		B69CD27A251AF1B20004FAB8 /* Resources */ = {
			isa = PBXResourcesBuildPhase;
			buildActionMask = 2147483647;
			files = (
			);
			runOnlyForDeploymentPostprocessing = 0;
		};
/* End PBXResourcesBuildPhase section */

/* Begin PBXShellScriptBuildPhase section */
		05147A3024253D4B83701193 /* [CP] Embed Pods Frameworks */ = {
			isa = PBXShellScriptBuildPhase;
			buildActionMask = 2147483647;
			files = (
			);
			inputFileListPaths = (
				"${PODS_ROOT}/Target Support Files/Pods-flixterapp-flixterappUITests/Pods-flixterapp-flixterappUITests-frameworks-${CONFIGURATION}-input-files.xcfilelist",
			);
			name = "[CP] Embed Pods Frameworks";
			outputFileListPaths = (
				"${PODS_ROOT}/Target Support Files/Pods-flixterapp-flixterappUITests/Pods-flixterapp-flixterappUITests-frameworks-${CONFIGURATION}-output-files.xcfilelist",
			);
			runOnlyForDeploymentPostprocessing = 0;
			shellPath = /bin/sh;
			shellScript = "\"${PODS_ROOT}/Target Support Files/Pods-flixterapp-flixterappUITests/Pods-flixterapp-flixterappUITests-frameworks.sh\"\n";
			showEnvVarsInLog = 0;
		};
		6FEF8E84AA38D8308C63491C /* [CP] Check Pods Manifest.lock */ = {
			isa = PBXShellScriptBuildPhase;
			buildActionMask = 2147483647;
			files = (
			);
			inputFileListPaths = (
			);
			inputPaths = (
				"${PODS_PODFILE_DIR_PATH}/Podfile.lock",
				"${PODS_ROOT}/Manifest.lock",
			);
			name = "[CP] Check Pods Manifest.lock";
			outputFileListPaths = (
			);
			outputPaths = (
				"$(DERIVED_FILE_DIR)/Pods-flixterapp-checkManifestLockResult.txt",
			);
			runOnlyForDeploymentPostprocessing = 0;
			shellPath = /bin/sh;
			shellScript = "diff \"${PODS_PODFILE_DIR_PATH}/Podfile.lock\" \"${PODS_ROOT}/Manifest.lock\" > /dev/null\nif [ $? != 0 ] ; then\n    # print error to STDERR\n    echo \"error: The sandbox is not in sync with the Podfile.lock. Run 'pod install' or update your CocoaPods installation.\" >&2\n    exit 1\nfi\n# This output is used by Xcode 'outputs' to avoid re-running this script phase.\necho \"SUCCESS\" > \"${SCRIPT_OUTPUT_FILE_0}\"\n";
			showEnvVarsInLog = 0;
		};
		72D8ABA0396845B67BBDBDC2 /* [CP] Check Pods Manifest.lock */ = {
			isa = PBXShellScriptBuildPhase;
			buildActionMask = 2147483647;
			files = (
			);
			inputFileListPaths = (
			);
			inputPaths = (
				"${PODS_PODFILE_DIR_PATH}/Podfile.lock",
				"${PODS_ROOT}/Manifest.lock",
			);
			name = "[CP] Check Pods Manifest.lock";
			outputFileListPaths = (
			);
			outputPaths = (
				"$(DERIVED_FILE_DIR)/Pods-flixterapp-flixterappUITests-checkManifestLockResult.txt",
			);
			runOnlyForDeploymentPostprocessing = 0;
			shellPath = /bin/sh;
			shellScript = "diff \"${PODS_PODFILE_DIR_PATH}/Podfile.lock\" \"${PODS_ROOT}/Manifest.lock\" > /dev/null\nif [ $? != 0 ] ; then\n    # print error to STDERR\n    echo \"error: The sandbox is not in sync with the Podfile.lock. Run 'pod install' or update your CocoaPods installation.\" >&2\n    exit 1\nfi\n# This output is used by Xcode 'outputs' to avoid re-running this script phase.\necho \"SUCCESS\" > \"${SCRIPT_OUTPUT_FILE_0}\"\n";
			showEnvVarsInLog = 0;
		};
		7B1962F635A6C9C510FDA58F /* [CP] Check Pods Manifest.lock */ = {
			isa = PBXShellScriptBuildPhase;
			buildActionMask = 2147483647;
			files = (
			);
			inputFileListPaths = (
			);
			inputPaths = (
				"${PODS_PODFILE_DIR_PATH}/Podfile.lock",
				"${PODS_ROOT}/Manifest.lock",
			);
			name = "[CP] Check Pods Manifest.lock";
			outputFileListPaths = (
			);
			outputPaths = (
				"$(DERIVED_FILE_DIR)/Pods-flixterappTests-checkManifestLockResult.txt",
			);
			runOnlyForDeploymentPostprocessing = 0;
			shellPath = /bin/sh;
			shellScript = "diff \"${PODS_PODFILE_DIR_PATH}/Podfile.lock\" \"${PODS_ROOT}/Manifest.lock\" > /dev/null\nif [ $? != 0 ] ; then\n    # print error to STDERR\n    echo \"error: The sandbox is not in sync with the Podfile.lock. Run 'pod install' or update your CocoaPods installation.\" >&2\n    exit 1\nfi\n# This output is used by Xcode 'outputs' to avoid re-running this script phase.\necho \"SUCCESS\" > \"${SCRIPT_OUTPUT_FILE_0}\"\n";
			showEnvVarsInLog = 0;
		};
		EABEEE5BB87B33A2400EFEA5 /* [CP] Embed Pods Frameworks */ = {
			isa = PBXShellScriptBuildPhase;
			buildActionMask = 2147483647;
			files = (
			);
			inputFileListPaths = (
				"${PODS_ROOT}/Target Support Files/Pods-flixterapp/Pods-flixterapp-frameworks-${CONFIGURATION}-input-files.xcfilelist",
			);
			name = "[CP] Embed Pods Frameworks";
			outputFileListPaths = (
				"${PODS_ROOT}/Target Support Files/Pods-flixterapp/Pods-flixterapp-frameworks-${CONFIGURATION}-output-files.xcfilelist",
			);
			runOnlyForDeploymentPostprocessing = 0;
			shellPath = /bin/sh;
			shellScript = "\"${PODS_ROOT}/Target Support Files/Pods-flixterapp/Pods-flixterapp-frameworks.sh\"\n";
			showEnvVarsInLog = 0;
		};
/* End PBXShellScriptBuildPhase section */

/* Begin PBXSourcesBuildPhase section */
		B69CD257251AF19E0004FAB8 /* Sources */ = {
			isa = PBXSourcesBuildPhase;
			buildActionMask = 2147483647;
			files = (
				B69CD263251AF19E0004FAB8 /* ViewController.swift in Sources */,
				B69CD25F251AF19E0004FAB8 /* AppDelegate.swift in Sources */,
				B6EDB5EC25269E6700F69EC0 /* MovieDetailsViewController.swift in Sources */,
				B6C56A0D2526BB9600704B8F /* MovieGridViewController.swift in Sources */,
				B6C56A0F2526F77100704B8F /* MovieGridCell.swift in Sources */,
				B69CD261251AF19E0004FAB8 /* SceneDelegate.swift in Sources */,
				B6A87E8D251ECB9C00BF3154 /* MovieCell.swift in Sources */,
				B69CD28F251B03C00004FAB8 /* MoviesViewController.swift in Sources */,
			);
			runOnlyForDeploymentPostprocessing = 0;
		};
		B69CD26D251AF1B20004FAB8 /* Sources */ = {
			isa = PBXSourcesBuildPhase;
			buildActionMask = 2147483647;
			files = (
				B69CD276251AF1B20004FAB8 /* flixterappTests.swift in Sources */,
			);
			runOnlyForDeploymentPostprocessing = 0;
		};
		B69CD278251AF1B20004FAB8 /* Sources */ = {
			isa = PBXSourcesBuildPhase;
			buildActionMask = 2147483647;
			files = (
				B69CD281251AF1B20004FAB8 /* flixterappUITests.swift in Sources */,
			);
			runOnlyForDeploymentPostprocessing = 0;
		};
/* End PBXSourcesBuildPhase section */

/* Begin PBXTargetDependency section */
		B69CD273251AF1B20004FAB8 /* PBXTargetDependency */ = {
			isa = PBXTargetDependency;
			target = B69CD25A251AF19E0004FAB8 /* flixterapp */;
			targetProxy = B69CD272251AF1B20004FAB8 /* PBXContainerItemProxy */;
		};
		B69CD27E251AF1B20004FAB8 /* PBXTargetDependency */ = {
			isa = PBXTargetDependency;
			target = B69CD25A251AF19E0004FAB8 /* flixterapp */;
			targetProxy = B69CD27D251AF1B20004FAB8 /* PBXContainerItemProxy */;
		};
/* End PBXTargetDependency section */

/* Begin PBXVariantGroup section */
		B69CD264251AF19E0004FAB8 /* Main.storyboard */ = {
			isa = PBXVariantGroup;
			children = (
				B69CD265251AF19E0004FAB8 /* Base */,
			);
			name = Main.storyboard;
			sourceTree = "<group>";
		};
		B69CD269251AF1B10004FAB8 /* LaunchScreen.storyboard */ = {
			isa = PBXVariantGroup;
			children = (
				B69CD26A251AF1B10004FAB8 /* Base */,
			);
			name = LaunchScreen.storyboard;
			sourceTree = "<group>";
		};
/* End PBXVariantGroup section */

/* Begin XCBuildConfiguration section */
		B69CD283251AF1B20004FAB8 /* Debug */ = {
			isa = XCBuildConfiguration;
			buildSettings = {
				ALWAYS_SEARCH_USER_PATHS = NO;
				CLANG_ANALYZER_NONNULL = YES;
				CLANG_ANALYZER_NUMBER_OBJECT_CONVERSION = YES_AGGRESSIVE;
				CLANG_CXX_LANGUAGE_STANDARD = "gnu++14";
				CLANG_CXX_LIBRARY = "libc++";
				CLANG_ENABLE_MODULES = YES;
				CLANG_ENABLE_OBJC_ARC = YES;
				CLANG_ENABLE_OBJC_WEAK = YES;
				CLANG_WARN_BLOCK_CAPTURE_AUTORELEASING = YES;
				CLANG_WARN_BOOL_CONVERSION = YES;
				CLANG_WARN_COMMA = YES;
				CLANG_WARN_CONSTANT_CONVERSION = YES;
				CLANG_WARN_DEPRECATED_OBJC_IMPLEMENTATIONS = YES;
				CLANG_WARN_DIRECT_OBJC_ISA_USAGE = YES_ERROR;
				CLANG_WARN_DOCUMENTATION_COMMENTS = YES;
				CLANG_WARN_EMPTY_BODY = YES;
				CLANG_WARN_ENUM_CONVERSION = YES;
				CLANG_WARN_INFINITE_RECURSION = YES;
				CLANG_WARN_INT_CONVERSION = YES;
				CLANG_WARN_NON_LITERAL_NULL_CONVERSION = YES;
				CLANG_WARN_OBJC_IMPLICIT_RETAIN_SELF = YES;
				CLANG_WARN_OBJC_LITERAL_CONVERSION = YES;
				CLANG_WARN_OBJC_ROOT_CLASS = YES_ERROR;
				CLANG_WARN_RANGE_LOOP_ANALYSIS = YES;
				CLANG_WARN_STRICT_PROTOTYPES = YES;
				CLANG_WARN_SUSPICIOUS_MOVE = YES;
				CLANG_WARN_UNGUARDED_AVAILABILITY = YES_AGGRESSIVE;
				CLANG_WARN_UNREACHABLE_CODE = YES;
				CLANG_WARN__DUPLICATE_METHOD_MATCH = YES;
				COPY_PHASE_STRIP = NO;
				DEBUG_INFORMATION_FORMAT = dwarf;
				ENABLE_STRICT_OBJC_MSGSEND = YES;
				ENABLE_TESTABILITY = YES;
				GCC_C_LANGUAGE_STANDARD = gnu11;
				GCC_DYNAMIC_NO_PIC = NO;
				GCC_NO_COMMON_BLOCKS = YES;
				GCC_OPTIMIZATION_LEVEL = 0;
				GCC_PREPROCESSOR_DEFINITIONS = (
					"DEBUG=1",
					"$(inherited)",
				);
				GCC_WARN_64_TO_32_BIT_CONVERSION = YES;
				GCC_WARN_ABOUT_RETURN_TYPE = YES_ERROR;
				GCC_WARN_UNDECLARED_SELECTOR = YES;
				GCC_WARN_UNINITIALIZED_AUTOS = YES_AGGRESSIVE;
				GCC_WARN_UNUSED_FUNCTION = YES;
				GCC_WARN_UNUSED_VARIABLE = YES;
				IPHONEOS_DEPLOYMENT_TARGET = 13.1;
				MTL_ENABLE_DEBUG_INFO = INCLUDE_SOURCE;
				MTL_FAST_MATH = YES;
				ONLY_ACTIVE_ARCH = YES;
				SDKROOT = iphoneos;
				SWIFT_ACTIVE_COMPILATION_CONDITIONS = DEBUG;
				SWIFT_OPTIMIZATION_LEVEL = "-Onone";
			};
			name = Debug;
		};
		B69CD284251AF1B20004FAB8 /* Release */ = {
			isa = XCBuildConfiguration;
			buildSettings = {
				ALWAYS_SEARCH_USER_PATHS = NO;
				CLANG_ANALYZER_NONNULL = YES;
				CLANG_ANALYZER_NUMBER_OBJECT_CONVERSION = YES_AGGRESSIVE;
				CLANG_CXX_LANGUAGE_STANDARD = "gnu++14";
				CLANG_CXX_LIBRARY = "libc++";
				CLANG_ENABLE_MODULES = YES;
				CLANG_ENABLE_OBJC_ARC = YES;
				CLANG_ENABLE_OBJC_WEAK = YES;
				CLANG_WARN_BLOCK_CAPTURE_AUTORELEASING = YES;
				CLANG_WARN_BOOL_CONVERSION = YES;
				CLANG_WARN_COMMA = YES;
				CLANG_WARN_CONSTANT_CONVERSION = YES;
				CLANG_WARN_DEPRECATED_OBJC_IMPLEMENTATIONS = YES;
				CLANG_WARN_DIRECT_OBJC_ISA_USAGE = YES_ERROR;
				CLANG_WARN_DOCUMENTATION_COMMENTS = YES;
				CLANG_WARN_EMPTY_BODY = YES;
				CLANG_WARN_ENUM_CONVERSION = YES;
				CLANG_WARN_INFINITE_RECURSION = YES;
				CLANG_WARN_INT_CONVERSION = YES;
				CLANG_WARN_NON_LITERAL_NULL_CONVERSION = YES;
				CLANG_WARN_OBJC_IMPLICIT_RETAIN_SELF = YES;
				CLANG_WARN_OBJC_LITERAL_CONVERSION = YES;
				CLANG_WARN_OBJC_ROOT_CLASS = YES_ERROR;
				CLANG_WARN_RANGE_LOOP_ANALYSIS = YES;
				CLANG_WARN_STRICT_PROTOTYPES = YES;
				CLANG_WARN_SUSPICIOUS_MOVE = YES;
				CLANG_WARN_UNGUARDED_AVAILABILITY = YES_AGGRESSIVE;
				CLANG_WARN_UNREACHABLE_CODE = YES;
				CLANG_WARN__DUPLICATE_METHOD_MATCH = YES;
				COPY_PHASE_STRIP = NO;
				DEBUG_INFORMATION_FORMAT = "dwarf-with-dsym";
				ENABLE_NS_ASSERTIONS = NO;
				ENABLE_STRICT_OBJC_MSGSEND = YES;
				GCC_C_LANGUAGE_STANDARD = gnu11;
				GCC_NO_COMMON_BLOCKS = YES;
				GCC_WARN_64_TO_32_BIT_CONVERSION = YES;
				GCC_WARN_ABOUT_RETURN_TYPE = YES_ERROR;
				GCC_WARN_UNDECLARED_SELECTOR = YES;
				GCC_WARN_UNINITIALIZED_AUTOS = YES_AGGRESSIVE;
				GCC_WARN_UNUSED_FUNCTION = YES;
				GCC_WARN_UNUSED_VARIABLE = YES;
				IPHONEOS_DEPLOYMENT_TARGET = 13.1;
				MTL_ENABLE_DEBUG_INFO = NO;
				MTL_FAST_MATH = YES;
				SDKROOT = iphoneos;
				SWIFT_COMPILATION_MODE = wholemodule;
				SWIFT_OPTIMIZATION_LEVEL = "-O";
				VALIDATE_PRODUCT = YES;
			};
			name = Release;
		};
		B69CD286251AF1B20004FAB8 /* Debug */ = {
			isa = XCBuildConfiguration;
			baseConfigurationReference = 53F46C0620D72EE3DD42051D /* Pods-flixterapp.debug.xcconfig */;
			buildSettings = {
				ASSETCATALOG_COMPILER_APPICON_NAME = AppIcon;
				CODE_SIGN_STYLE = Automatic;
				DEVELOPMENT_TEAM = R39W8R8ZQ5;
				INFOPLIST_FILE = flixterapp/Info.plist;
				IPHONEOS_DEPLOYMENT_TARGET = 13.1;
				LD_RUNPATH_SEARCH_PATHS = (
					"$(inherited)",
					"@executable_path/Frameworks",
				);
				PRODUCT_BUNDLE_IDENTIFIER = fasanyadavid.flixterapp;
				PRODUCT_NAME = "$(TARGET_NAME)";
				SWIFT_VERSION = 5.0;
				TARGETED_DEVICE_FAMILY = "1,2";
			};
			name = Debug;
		};
		B69CD287251AF1B20004FAB8 /* Release */ = {
			isa = XCBuildConfiguration;
			baseConfigurationReference = DDD2993D88E054EB6B144D7C /* Pods-flixterapp.release.xcconfig */;
			buildSettings = {
				ASSETCATALOG_COMPILER_APPICON_NAME = AppIcon;
				CODE_SIGN_STYLE = Automatic;
				DEVELOPMENT_TEAM = R39W8R8ZQ5;
				INFOPLIST_FILE = flixterapp/Info.plist;
				IPHONEOS_DEPLOYMENT_TARGET = 13.1;
				LD_RUNPATH_SEARCH_PATHS = (
					"$(inherited)",
					"@executable_path/Frameworks",
				);
				PRODUCT_BUNDLE_IDENTIFIER = fasanyadavid.flixterapp;
				PRODUCT_NAME = "$(TARGET_NAME)";
				SWIFT_VERSION = 5.0;
				TARGETED_DEVICE_FAMILY = "1,2";
			};
			name = Release;
		};
		B69CD289251AF1B20004FAB8 /* Debug */ = {
			isa = XCBuildConfiguration;
			baseConfigurationReference = 72A84DA2FD308C78BFF5C050 /* Pods-flixterappTests.debug.xcconfig */;
			buildSettings = {
				ALWAYS_EMBED_SWIFT_STANDARD_LIBRARIES = YES;
				BUNDLE_LOADER = "$(TEST_HOST)";
				CODE_SIGN_STYLE = Automatic;
				INFOPLIST_FILE = flixterappTests/Info.plist;
				IPHONEOS_DEPLOYMENT_TARGET = 13.7;
				LD_RUNPATH_SEARCH_PATHS = (
					"$(inherited)",
					"@executable_path/Frameworks",
					"@loader_path/Frameworks",
				);
				PRODUCT_BUNDLE_IDENTIFIER = fasanyadavid.flixterappTests;
				PRODUCT_NAME = "$(TARGET_NAME)";
				SWIFT_VERSION = 5.0;
				TARGETED_DEVICE_FAMILY = "1,2";
				TEST_HOST = "$(BUILT_PRODUCTS_DIR)/flixterapp.app/flixterapp";
			};
			name = Debug;
		};
		B69CD28A251AF1B20004FAB8 /* Release */ = {
			isa = XCBuildConfiguration;
			baseConfigurationReference = 4126BE49A172A6B64DB4A91E /* Pods-flixterappTests.release.xcconfig */;
			buildSettings = {
				ALWAYS_EMBED_SWIFT_STANDARD_LIBRARIES = YES;
				BUNDLE_LOADER = "$(TEST_HOST)";
				CODE_SIGN_STYLE = Automatic;
				INFOPLIST_FILE = flixterappTests/Info.plist;
				IPHONEOS_DEPLOYMENT_TARGET = 13.7;
				LD_RUNPATH_SEARCH_PATHS = (
					"$(inherited)",
					"@executable_path/Frameworks",
					"@loader_path/Frameworks",
				);
				PRODUCT_BUNDLE_IDENTIFIER = fasanyadavid.flixterappTests;
				PRODUCT_NAME = "$(TARGET_NAME)";
				SWIFT_VERSION = 5.0;
				TARGETED_DEVICE_FAMILY = "1,2";
				TEST_HOST = "$(BUILT_PRODUCTS_DIR)/flixterapp.app/flixterapp";
			};
			name = Release;
		};
		B69CD28C251AF1B20004FAB8 /* Debug */ = {
			isa = XCBuildConfiguration;
			baseConfigurationReference = D37210450D7CA72365F245D1 /* Pods-flixterapp-flixterappUITests.debug.xcconfig */;
			buildSettings = {
				ALWAYS_EMBED_SWIFT_STANDARD_LIBRARIES = YES;
				CODE_SIGN_STYLE = Automatic;
				INFOPLIST_FILE = flixterappUITests/Info.plist;
				LD_RUNPATH_SEARCH_PATHS = (
					"$(inherited)",
					"@executable_path/Frameworks",
					"@loader_path/Frameworks",
				);
				PRODUCT_BUNDLE_IDENTIFIER = fasanyadavid.flixterappUITests;
				PRODUCT_NAME = "$(TARGET_NAME)";
				SWIFT_VERSION = 5.0;
				TARGETED_DEVICE_FAMILY = "1,2";
				TEST_TARGET_NAME = flixterapp;
			};
			name = Debug;
		};
		B69CD28D251AF1B20004FAB8 /* Release */ = {
			isa = XCBuildConfiguration;
			baseConfigurationReference = 8C9883537F0FBA10D8B193D1 /* Pods-flixterapp-flixterappUITests.release.xcconfig */;
			buildSettings = {
				ALWAYS_EMBED_SWIFT_STANDARD_LIBRARIES = YES;
				CODE_SIGN_STYLE = Automatic;
				INFOPLIST_FILE = flixterappUITests/Info.plist;
				LD_RUNPATH_SEARCH_PATHS = (
					"$(inherited)",
					"@executable_path/Frameworks",
					"@loader_path/Frameworks",
				);
				PRODUCT_BUNDLE_IDENTIFIER = fasanyadavid.flixterappUITests;
				PRODUCT_NAME = "$(TARGET_NAME)";
				SWIFT_VERSION = 5.0;
				TARGETED_DEVICE_FAMILY = "1,2";
				TEST_TARGET_NAME = flixterapp;
			};
			name = Release;
		};
/* End XCBuildConfiguration section */

/* Begin XCConfigurationList section */
		B69CD256251AF19E0004FAB8 /* Build configuration list for PBXProject "flixterapp" */ = {
			isa = XCConfigurationList;
			buildConfigurations = (
				B69CD283251AF1B20004FAB8 /* Debug */,
				B69CD284251AF1B20004FAB8 /* Release */,
			);
			defaultConfigurationIsVisible = 0;
			defaultConfigurationName = Release;
		};
		B69CD285251AF1B20004FAB8 /* Build configuration list for PBXNativeTarget "flixterapp" */ = {
			isa = XCConfigurationList;
			buildConfigurations = (
				B69CD286251AF1B20004FAB8 /* Debug */,
				B69CD287251AF1B20004FAB8 /* Release */,
			);
			defaultConfigurationIsVisible = 0;
			defaultConfigurationName = Release;
		};
		B69CD288251AF1B20004FAB8 /* Build configuration list for PBXNativeTarget "flixterappTests" */ = {
			isa = XCConfigurationList;
			buildConfigurations = (
				B69CD289251AF1B20004FAB8 /* Debug */,
				B69CD28A251AF1B20004FAB8 /* Release */,
			);
			defaultConfigurationIsVisible = 0;
			defaultConfigurationName = Release;
		};
		B69CD28B251AF1B20004FAB8 /* Build configuration list for PBXNativeTarget "flixterappUITests" */ = {
			isa = XCConfigurationList;
			buildConfigurations = (
				B69CD28C251AF1B20004FAB8 /* Debug */,
				B69CD28D251AF1B20004FAB8 /* Release */,
			);
			defaultConfigurationIsVisible = 0;
			defaultConfigurationName = Release;
		};
/* End XCConfigurationList section */
	};
	rootObject = B69CD253251AF19E0004FAB8 /* Project object */;
}
